
Microsoft Visual Studio Solution File, Format Version 12.00
# Visual Studio 15
VisualStudioVersion = 15.0.28307.1525
MinimumVisualStudioVersion = 10.0.40219.1
Project("{8BC9CEB8-8B4A-11D0-8D11-00A0C91BC942}") = "TestCS1", "TestCS1\TestCS1.vcxproj", "{AB1F792C-652A-4CC8-9885-397995E1DC8B}"
EndProject
Global
	GlobalSection(SolutionConfigurationPlatforms) = preSolution
		Debug|ARM = Debug|ARM
		Debug|ARM64 = Debug|ARM64
		Debug|x64 = Debug|x64
		Debug|x86 = Debug|x86
		Release|ARM = Release|ARM
		Release|ARM64 = Release|ARM64
		Release|x64 = Release|x64
		Release|x86 = Release|x86
	EndGlobalSection
	GlobalSection(ProjectConfigurationPlatforms) = postSolution
		{AB1F792C-652A-4CC8-9885-397995E1DC8B}.Debug|ARM.ActiveCfg = Debug|ARM
		{AB1F792C-652A-4CC8-9885-397995E1DC8B}.Debug|ARM.Build.0 = Debug|ARM
		{AB1F792C-652A-4CC8-9885-397995E1DC8B}.Debug|ARM64.ActiveCfg = Debug|ARM64
		{AB1F792C-652A-4CC8-9885-397995E1DC8B}.Debug|ARM64.Build.0 = Debug|ARM64
		{AB1F792C-652A-4CC8-9885-397995E1DC8B}.Debug|x64.ActiveCfg = Debug|x64
		{AB1F792C-652A-4CC8-9885-397995E1DC8B}.Debug|x64.Build.0 = Debug|x64
		{AB1F792C-652A-4CC8-9885-397995E1DC8B}.Debug|x86.ActiveCfg = Debug|x86
		{AB1F792C-652A-4CC8-9885-397995E1DC8B}.Debug|x86.Build.0 = Debug|x86
		{AB1F792C-652A-4CC8-9885-397995E1DC8B}.Release|ARM.ActiveCfg = Release|ARM
		{AB1F792C-652A-4CC8-9885-397995E1DC8B}.Release|ARM.Build.0 = Release|ARM
		{AB1F792C-652A-4CC8-9885-397995E1DC8B}.Release|ARM64.ActiveCfg = Release|ARM64
		{AB1F792C-652A-4CC8-9885-397995E1DC8B}.Release|ARM64.Build.0 = Release|ARM64
		{AB1F792C-652A-4CC8-9885-397995E1DC8B}.Release|x64.ActiveCfg = Release|x64
		{AB1F792C-652A-4CC8-9885-397995E1DC8B}.Release|x64.Build.0 = Release|x64
		{AB1F792C-652A-4CC8-9885-397995E1DC8B}.Release|x86.ActiveCfg = Release|x86
		{AB1F792C-652A-4CC8-9885-397995E1DC8B}.Release|x86.Build.0 = Release|x86
	EndGlobalSection
	GlobalSection(SolutionProperties) = preSolution
		HideSolutionNode = FALSE
	EndGlobalSection
	GlobalSection(ExtensibilityGlobals) = postSolution
		SolutionGuid = {3EF9AE03-0384-480F-A9A7-431935DE6631}
	EndGlobalSection
EndGlobal
