
Microsoft Visual Studio Solution File, Format Version 12.00
# Visual Studio 15
VisualStudioVersion = 15.0.28307.1525
MinimumVisualStudioVersion = 10.0.40219.1
Project("{8BC9CEB8-8B4A-11D0-8D11-00A0C91BC942}") = "Project1", "Project1\Project1.vcxproj", "{AA99460D-AA1A-4868-AB2B-F3889F033740}"
EndProject
Global
	GlobalSection(SolutionConfigurationPlatforms) = preSolution
		Debug|ARM = Debug|ARM
		Debug|ARM64 = Debug|ARM64
		Debug|x64 = Debug|x64
		Debug|x86 = Debug|x86
		Release|ARM = Release|ARM
		Release|ARM64 = Release|ARM64
		Release|x64 = Release|x64
		Release|x86 = Release|x86
	EndGlobalSection
	GlobalSection(ProjectConfigurationPlatforms) = postSolution
		{AA99460D-AA1A-4868-AB2B-F3889F033740}.Debug|ARM.ActiveCfg = Debug|ARM
		{AA99460D-AA1A-4868-AB2B-F3889F033740}.Debug|ARM.Build.0 = Debug|ARM
		{AA99460D-AA1A-4868-AB2B-F3889F033740}.Debug|ARM64.ActiveCfg = Debug|ARM64
		{AA99460D-AA1A-4868-AB2B-F3889F033740}.Debug|ARM64.Build.0 = Debug|ARM64
		{AA99460D-AA1A-4868-AB2B-F3889F033740}.Debug|x64.ActiveCfg = Debug|x64
		{AA99460D-AA1A-4868-AB2B-F3889F033740}.Debug|x64.Build.0 = Debug|x64
		{AA99460D-AA1A-4868-AB2B-F3889F033740}.Debug|x86.ActiveCfg = Debug|x86
		{AA99460D-AA1A-4868-AB2B-F3889F033740}.Debug|x86.Build.0 = Debug|x86
		{AA99460D-AA1A-4868-AB2B-F3889F033740}.Release|ARM.ActiveCfg = Release|ARM
		{AA99460D-AA1A-4868-AB2B-F3889F033740}.Release|ARM.Build.0 = Release|ARM
		{AA99460D-AA1A-4868-AB2B-F3889F033740}.Release|ARM64.ActiveCfg = Release|ARM64
		{AA99460D-AA1A-4868-AB2B-F3889F033740}.Release|ARM64.Build.0 = Release|ARM64
		{AA99460D-AA1A-4868-AB2B-F3889F033740}.Release|x64.ActiveCfg = Release|x64
		{AA99460D-AA1A-4868-AB2B-F3889F033740}.Release|x64.Build.0 = Release|x64
		{AA99460D-AA1A-4868-AB2B-F3889F033740}.Release|x86.ActiveCfg = Release|x86
		{AA99460D-AA1A-4868-AB2B-F3889F033740}.Release|x86.Build.0 = Release|x86
	EndGlobalSection
	GlobalSection(SolutionProperties) = preSolution
		HideSolutionNode = FALSE
	EndGlobalSection
	GlobalSection(ExtensibilityGlobals) = postSolution
		SolutionGuid = {7DD9FBD9-3182-45D3-BFFB-121BBBD1B19F}
	EndGlobalSection
EndGlobal
