
Microsoft Visual Studio Solution File, Format Version 12.00
# Visual Studio 15
VisualStudioVersion = 15.0.28307.1525
MinimumVisualStudioVersion = 10.0.40219.1
Project("{8BC9CEB8-8B4A-11D0-8D11-00A0C91BC942}") = "server", "server\server.vcxproj", "{41CDC32E-FCF6-433A-AC9D-1DEC1B1D9971}"
EndProject
Global
	GlobalSection(SolutionConfigurationPlatforms) = preSolution
		Debug|ARM = Debug|ARM
		Debug|ARM64 = Debug|ARM64
		Debug|x64 = Debug|x64
		Debug|x86 = Debug|x86
		Release|ARM = Release|ARM
		Release|ARM64 = Release|ARM64
		Release|x64 = Release|x64
		Release|x86 = Release|x86
	EndGlobalSection
	GlobalSection(ProjectConfigurationPlatforms) = postSolution
		{41CDC32E-FCF6-433A-AC9D-1DEC1B1D9971}.Debug|ARM.ActiveCfg = Debug|ARM
		{41CDC32E-FCF6-433A-AC9D-1DEC1B1D9971}.Debug|ARM.Build.0 = Debug|ARM
		{41CDC32E-FCF6-433A-AC9D-1DEC1B1D9971}.Debug|ARM64.ActiveCfg = Debug|ARM64
		{41CDC32E-FCF6-433A-AC9D-1DEC1B1D9971}.Debug|ARM64.Build.0 = Debug|ARM64
		{41CDC32E-FCF6-433A-AC9D-1DEC1B1D9971}.Debug|x64.ActiveCfg = Debug|x64
		{41CDC32E-FCF6-433A-AC9D-1DEC1B1D9971}.Debug|x64.Build.0 = Debug|x64
		{41CDC32E-FCF6-433A-AC9D-1DEC1B1D9971}.Debug|x86.ActiveCfg = Debug|x86
		{41CDC32E-FCF6-433A-AC9D-1DEC1B1D9971}.Debug|x86.Build.0 = Debug|x86
		{41CDC32E-FCF6-433A-AC9D-1DEC1B1D9971}.Release|ARM.ActiveCfg = Release|ARM
		{41CDC32E-FCF6-433A-AC9D-1DEC1B1D9971}.Release|ARM.Build.0 = Release|ARM
		{41CDC32E-FCF6-433A-AC9D-1DEC1B1D9971}.Release|ARM64.ActiveCfg = Release|ARM64
		{41CDC32E-FCF6-433A-AC9D-1DEC1B1D9971}.Release|ARM64.Build.0 = Release|ARM64
		{41CDC32E-FCF6-433A-AC9D-1DEC1B1D9971}.Release|x64.ActiveCfg = Release|x64
		{41CDC32E-FCF6-433A-AC9D-1DEC1B1D9971}.Release|x64.Build.0 = Release|x64
		{41CDC32E-FCF6-433A-AC9D-1DEC1B1D9971}.Release|x86.ActiveCfg = Release|x86
		{41CDC32E-FCF6-433A-AC9D-1DEC1B1D9971}.Release|x86.Build.0 = Release|x86
	EndGlobalSection
	GlobalSection(SolutionProperties) = preSolution
		HideSolutionNode = FALSE
	EndGlobalSection
	GlobalSection(ExtensibilityGlobals) = postSolution
		SolutionGuid = {23745BA4-7707-45AA-A1D8-9F10E86FA97F}
	EndGlobalSection
EndGlobal
