
Microsoft Visual Studio Solution File, Format Version 12.00
# Visual Studio 15
VisualStudioVersion = 15.0.28307.1525
MinimumVisualStudioVersion = 10.0.40219.1
Project("{8BC9CEB8-8B4A-11D0-8D11-00A0C91BC942}") = "Server", "Server\Server.vcxproj", "{F00674C0-C15C-472C-A0E2-3E38E09C9036}"
EndProject
Global
	GlobalSection(SolutionConfigurationPlatforms) = preSolution
		Debug|ARM = Debug|ARM
		Debug|ARM64 = Debug|ARM64
		Debug|x64 = Debug|x64
		Debug|x86 = Debug|x86
		Release|ARM = Release|ARM
		Release|ARM64 = Release|ARM64
		Release|x64 = Release|x64
		Release|x86 = Release|x86
	EndGlobalSection
	GlobalSection(ProjectConfigurationPlatforms) = postSolution
		{F00674C0-C15C-472C-A0E2-3E38E09C9036}.Debug|ARM.ActiveCfg = Debug|ARM
		{F00674C0-C15C-472C-A0E2-3E38E09C9036}.Debug|ARM.Build.0 = Debug|ARM
		{F00674C0-C15C-472C-A0E2-3E38E09C9036}.Debug|ARM64.ActiveCfg = Debug|ARM64
		{F00674C0-C15C-472C-A0E2-3E38E09C9036}.Debug|ARM64.Build.0 = Debug|ARM64
		{F00674C0-C15C-472C-A0E2-3E38E09C9036}.Debug|x64.ActiveCfg = Debug|x64
		{F00674C0-C15C-472C-A0E2-3E38E09C9036}.Debug|x64.Build.0 = Debug|x64
		{F00674C0-C15C-472C-A0E2-3E38E09C9036}.Debug|x86.ActiveCfg = Debug|x86
		{F00674C0-C15C-472C-A0E2-3E38E09C9036}.Debug|x86.Build.0 = Debug|x86
		{F00674C0-C15C-472C-A0E2-3E38E09C9036}.Release|ARM.ActiveCfg = Release|ARM
		{F00674C0-C15C-472C-A0E2-3E38E09C9036}.Release|ARM.Build.0 = Release|ARM
		{F00674C0-C15C-472C-A0E2-3E38E09C9036}.Release|ARM64.ActiveCfg = Release|ARM64
		{F00674C0-C15C-472C-A0E2-3E38E09C9036}.Release|ARM64.Build.0 = Release|ARM64
		{F00674C0-C15C-472C-A0E2-3E38E09C9036}.Release|x64.ActiveCfg = Release|x64
		{F00674C0-C15C-472C-A0E2-3E38E09C9036}.Release|x64.Build.0 = Release|x64
		{F00674C0-C15C-472C-A0E2-3E38E09C9036}.Release|x86.ActiveCfg = Release|x86
		{F00674C0-C15C-472C-A0E2-3E38E09C9036}.Release|x86.Build.0 = Release|x86
	EndGlobalSection
	GlobalSection(SolutionProperties) = preSolution
		HideSolutionNode = FALSE
	EndGlobalSection
	GlobalSection(ExtensibilityGlobals) = postSolution
		SolutionGuid = {0660544C-B101-465F-B297-F78A37348F5F}
	EndGlobalSection
EndGlobal
